// !$*UTF8*$!
{
	archiveVersion = 1;
	classes = {
	};
	objectVersion = 55;
	objects = {

/* Begin PBXBuildFile section */
		C23EDD002819748500E9B946 /* grassType.mp4 in Resources */ = {isa = PBXBuildFile; fileRef = C23EDCEF2819747B00E9B946 /* grassType.mp4 */; };
		C23EDD012819748500E9B946 /* flyingType.mp4 in Resources */ = {isa = PBXBuildFile; fileRef = C23EDCF02819747B00E9B946 /* flyingType.mp4 */; };
		C23EDD022819748500E9B946 /* groundType.mp4 in Resources */ = {isa = PBXBuildFile; fileRef = C23EDCF12819747C00E9B946 /* groundType.mp4 */; };
		C23EDD032819748500E9B946 /* electricType.mp4 in Resources */ = {isa = PBXBuildFile; fileRef = C23EDCF22819747C00E9B946 /* electricType.mp4 */; };
		C23EDD042819748500E9B946 /* ghostType.mp4 in Resources */ = {isa = PBXBuildFile; fileRef = C23EDCF32819747D00E9B946 /* ghostType.mp4 */; };
		C23EDD052819748500E9B946 /* poisonType.mp4 in Resources */ = {isa = PBXBuildFile; fileRef = C23EDCF42819747F00E9B946 /* poisonType.mp4 */; };
		C23EDD062819748500E9B946 /* fightingType.mp4 in Resources */ = {isa = PBXBuildFile; fileRef = C23EDCF52819748000E9B946 /* fightingType.mp4 */; };
		C23EDD072819748500E9B946 /* rockType.mp4 in Resources */ = {isa = PBXBuildFile; fileRef = C23EDCF62819748100E9B946 /* rockType.mp4 */; };
		C23EDD082819748500E9B946 /* bugType.mp4 in Resources */ = {isa = PBXBuildFile; fileRef = C23EDCF72819748200E9B946 /* bugType.mp4 */; };
		C23EDD092819748500E9B946 /* normalType.mp4 in Resources */ = {isa = PBXBuildFile; fileRef = C23EDCF82819748200E9B946 /* normalType.mp4 */; };
		C23EDD0A2819748500E9B946 /* fireType.mp4 in Resources */ = {isa = PBXBuildFile; fileRef = C23EDCF92819748200E9B946 /* fireType.mp4 */; };
		C23EDD0B2819748500E9B946 /* dragonType.mp4 in Resources */ = {isa = PBXBuildFile; fileRef = C23EDCFA2819748400E9B946 /* dragonType.mp4 */; };
		C23EDD0C2819748500E9B946 /* fairyType.mp4 in Resources */ = {isa = PBXBuildFile; fileRef = C23EDCFB2819748400E9B946 /* fairyType.mp4 */; };
		C23EDD0E2819748500E9B946 /* waterType.mp4 in Resources */ = {isa = PBXBuildFile; fileRef = C23EDCFD2819748400E9B946 /* waterType.mp4 */; };
		C23EDD0F2819748500E9B946 /* steelType.mp4 in Resources */ = {isa = PBXBuildFile; fileRef = C23EDCFE2819748500E9B946 /* steelType.mp4 */; };
		C23EDD112819818900E9B946 /* iceType.mp4 in Resources */ = {isa = PBXBuildFile; fileRef = C23EDD102819818900E9B946 /* iceType.mp4 */; };
		C23EDD13281982AE00E9B946 /* darkType.mp4 in Resources */ = {isa = PBXBuildFile; fileRef = C23EDD12281982AE00E9B946 /* darkType.mp4 */; };
		C23EDD162819891B00E9B946 /* TypeTableViewCell.swift in Sources */ = {isa = PBXBuildFile; fileRef = C23EDD142819891B00E9B946 /* TypeTableViewCell.swift */; };
		C23EDD172819891B00E9B946 /* TypeTableViewCell.xib in Resources */ = {isa = PBXBuildFile; fileRef = C23EDD152819891B00E9B946 /* TypeTableViewCell.xib */; };
		C23EDD1D2819AFCF00E9B946 /* psychicType.mp4 in Resources */ = {isa = PBXBuildFile; fileRef = C23EDD1C2819AFCF00E9B946 /* psychicType.mp4 */; };
		C243D13F28084362008F3FED /* Evolution_Chain.swift in Sources */ = {isa = PBXBuildFile; fileRef = C243D13E28084362008F3FED /* Evolution_Chain.swift */; };
		C2528853281814D700893E6C /* ItemDescriptionViewController.swift in Sources */ = {isa = PBXBuildFile; fileRef = C2528851281814D700893E6C /* ItemDescriptionViewController.swift */; };
		C2528854281814D700893E6C /* ItemDescriptionViewController.xib in Resources */ = {isa = PBXBuildFile; fileRef = C2528852281814D700893E6C /* ItemDescriptionViewController.xib */; };
		C2528857281853C100893E6C /* Int+SpecialNumber.swift in Sources */ = {isa = PBXBuildFile; fileRef = C2528856281853C100893E6C /* Int+SpecialNumber.swift */; };
		C2528859281853FF00893E6C /* String+CapitalizingFirstLetter.swift in Sources */ = {isa = PBXBuildFile; fileRef = C2528858281853FF00893E6C /* String+CapitalizingFirstLetter.swift */; };
		C252885D2818622E00893E6C /* TypeDescriptionViewController.swift in Sources */ = {isa = PBXBuildFile; fileRef = C252885B2818622E00893E6C /* TypeDescriptionViewController.swift */; };
		C252885E2818622E00893E6C /* TypeDescriptionViewController.xib in Resources */ = {isa = PBXBuildFile; fileRef = C252885C2818622E00893E6C /* TypeDescriptionViewController.xib */; };
		C26515C32812CEDC0088647C /* FavoritesTableViewController.swift in Sources */ = {isa = PBXBuildFile; fileRef = C26515C22812CEDC0088647C /* FavoritesTableViewController.swift */; };
		C26515C52812D5FA0088647C /* PokemonDescriptionViewModel.swift in Sources */ = {isa = PBXBuildFile; fileRef = C26515C42812D5FA0088647C /* PokemonDescriptionViewModel.swift */; };
		C26515C72812E4F70088647C /* FavoritesViewModel.swift in Sources */ = {isa = PBXBuildFile; fileRef = C26515C62812E4F70088647C /* FavoritesViewModel.swift */; };
		C27CA40E2806F7D50027EA7C /* PokedexEntry.swift in Sources */ = {isa = PBXBuildFile; fileRef = C27CA40D2806F7D50027EA7C /* PokedexEntry.swift */; };
		C27CA411280708B10027EA7C /* RxCocoa in Frameworks */ = {isa = PBXBuildFile; productRef = C27CA410280708B10027EA7C /* RxCocoa */; };
		C27CA413280708B10027EA7C /* RxSwift in Frameworks */ = {isa = PBXBuildFile; productRef = C27CA412280708B10027EA7C /* RxSwift */; };
		C298AB0C2810510C003CA6CF /* AllPokemon.swift in Sources */ = {isa = PBXBuildFile; fileRef = C298AB0B2810510C003CA6CF /* AllPokemon.swift */; };
		C298AB0F28106EAB003CA6CF /* Favorites.swift in Sources */ = {isa = PBXBuildFile; fileRef = C298AB0E28106EAB003CA6CF /* Favorites.swift */; };
		C298AB11281073E7003CA6CF /* MainTabController.swift in Sources */ = {isa = PBXBuildFile; fileRef = C298AB10281073E7003CA6CF /* MainTabController.swift */; };
		C2B057B0281AB1AE003A95BC /* TypeModel.swift in Sources */ = {isa = PBXBuildFile; fileRef = C2B057AF281AB1AE003A95BC /* TypeModel.swift */; };
		C2B057B2281AC4E3003A95BC /* TypeMapping.swift in Sources */ = {isa = PBXBuildFile; fileRef = C2B057B1281AC4E3003A95BC /* TypeMapping.swift */; };
		C2B057B5281AC749003A95BC /* TypeTableViewCellViewModel.swift in Sources */ = {isa = PBXBuildFile; fileRef = C2B057B4281AC749003A95BC /* TypeTableViewCellViewModel.swift */; };
		C2BF358227F47F42000A3149 /* PokemonCount.swift in Sources */ = {isa = PBXBuildFile; fileRef = C2BF358127F47F42000A3149 /* PokemonCount.swift */; };
		C2BF358627F480B0000A3149 /* MainViewModel.swift in Sources */ = {isa = PBXBuildFile; fileRef = C2BF358527F480B0000A3149 /* MainViewModel.swift */; };
		C2BF358927F49C94000A3149 /* TypePortuguese.swift in Sources */ = {isa = PBXBuildFile; fileRef = C2BF358827F49C94000A3149 /* TypePortuguese.swift */; };
		C2CCA68B2816C8FE00808DBC /* ItemDTO.swift in Sources */ = {isa = PBXBuildFile; fileRef = C2CCA68A2816C8FE00808DBC /* ItemDTO.swift */; };
		C2CCA68D2816CBBD00808DBC /* ItemURL.swift in Sources */ = {isa = PBXBuildFile; fileRef = C2CCA68C2816CBBD00808DBC /* ItemURL.swift */; };
		C2CCA68F2816D12E00808DBC /* ListAllItemsViewController.swift in Sources */ = {isa = PBXBuildFile; fileRef = C2CCA68E2816D12E00808DBC /* ListAllItemsViewController.swift */; };
		C2CCA6932816D2C600808DBC /* AllItemsViewModel.swift in Sources */ = {isa = PBXBuildFile; fileRef = C2CCA6922816D2C600808DBC /* AllItemsViewModel.swift */; };
		C2CCA6972817170700808DBC /* ItemsCell.swift in Sources */ = {isa = PBXBuildFile; fileRef = C2CCA6952817170700808DBC /* ItemsCell.swift */; };
		C2CCA6982817170700808DBC /* ItemsCell.xib in Resources */ = {isa = PBXBuildFile; fileRef = C2CCA6962817170700808DBC /* ItemsCell.xib */; };
		C2DBE8AA27CFB1750065FE19 /* AppDelegate.swift in Sources */ = {isa = PBXBuildFile; fileRef = C2DBE8A927CFB1750065FE19 /* AppDelegate.swift */; };
		C2DBE8AC27CFB1750065FE19 /* SceneDelegate.swift in Sources */ = {isa = PBXBuildFile; fileRef = C2DBE8AB27CFB1750065FE19 /* SceneDelegate.swift */; };
		C2DBE8AE27CFB1750065FE19 /* ViewController.swift in Sources */ = {isa = PBXBuildFile; fileRef = C2DBE8AD27CFB1750065FE19 /* ViewController.swift */; };
		C2DBE8B127CFB1750065FE19 /* Main.storyboard in Resources */ = {isa = PBXBuildFile; fileRef = C2DBE8AF27CFB1750065FE19 /* Main.storyboard */; };
		C2DBE8B327CFB18B0065FE19 /* Assets.xcassets in Resources */ = {isa = PBXBuildFile; fileRef = C2DBE8B227CFB18B0065FE19 /* Assets.xcassets */; };
		C2DBE8B627CFB18B0065FE19 /* LaunchScreen.storyboard in Resources */ = {isa = PBXBuildFile; fileRef = C2DBE8B427CFB18B0065FE19 /* LaunchScreen.storyboard */; };
		C2DBE8C127CFB18C0065FE19 /* PokedexTests.swift in Sources */ = {isa = PBXBuildFile; fileRef = C2DBE8C027CFB18C0065FE19 /* PokedexTests.swift */; };
		C2DBE8CB27CFB18C0065FE19 /* PokedexUITests.swift in Sources */ = {isa = PBXBuildFile; fileRef = C2DBE8CA27CFB18C0065FE19 /* PokedexUITests.swift */; };
		C2DBE8CD27CFB18C0065FE19 /* PokedexUITestsLaunchTests.swift in Sources */ = {isa = PBXBuildFile; fileRef = C2DBE8CC27CFB18C0065FE19 /* PokedexUITestsLaunchTests.swift */; };
		C2DBE8DB27CFB2770065FE19 /* Moya in Frameworks */ = {isa = PBXBuildFile; productRef = C2DBE8DA27CFB2770065FE19 /* Moya */; };
		C2DBE8DD27CFB2770065FE19 /* ReactiveMoya in Frameworks */ = {isa = PBXBuildFile; productRef = C2DBE8DC27CFB2770065FE19 /* ReactiveMoya */; };
		C2DBE8E027CFB2C10065FE19 /* SnapKit in Frameworks */ = {isa = PBXBuildFile; productRef = C2DBE8DF27CFB2C10065FE19 /* SnapKit */; };
		C2DBE8E427CFD1DA0065FE19 /* PokemonTableViewCell.swift in Sources */ = {isa = PBXBuildFile; fileRef = C2DBE8E227CFD1DA0065FE19 /* PokemonTableViewCell.swift */; };
		C2DBE8E527CFD1DA0065FE19 /* PokemonTableViewCell.xib in Resources */ = {isa = PBXBuildFile; fileRef = C2DBE8E327CFD1DA0065FE19 /* PokemonTableViewCell.xib */; };
		C2DBE8E827CFDB150065FE19 /* Network.swift in Sources */ = {isa = PBXBuildFile; fileRef = C2DBE8E727CFDB150065FE19 /* Network.swift */; };
		C2DBE8EA27CFE25F0065FE19 /* API.swift in Sources */ = {isa = PBXBuildFile; fileRef = C2DBE8E927CFE25F0065FE19 /* API.swift */; };
		C2DBE8EC27CFE27B0065FE19 /* Endpoint.swift in Sources */ = {isa = PBXBuildFile; fileRef = C2DBE8EB27CFE27B0065FE19 /* Endpoint.swift */; };
		C2DBE8EE27CFE2C40065FE19 /* Enviroment.swift in Sources */ = {isa = PBXBuildFile; fileRef = C2DBE8ED27CFE2C40065FE19 /* Enviroment.swift */; };
		C2DBE8F127CFE62D0065FE19 /* PokemonDTO.swift in Sources */ = {isa = PBXBuildFile; fileRef = C2DBE8F027CFE62D0065FE19 /* PokemonDTO.swift */; };
		C2DBE8F327CFE6490065FE19 /* TypeDTO.swift in Sources */ = {isa = PBXBuildFile; fileRef = C2DBE8F227CFE6490065FE19 /* TypeDTO.swift */; };
		C2DBE8F527CFEA1D0065FE19 /* Sprites.swift in Sources */ = {isa = PBXBuildFile; fileRef = C2DBE8F427CFEA1D0065FE19 /* Sprites.swift */; };
		C2DBE8F727CFEDCE0065FE19 /* GetImage.swift in Sources */ = {isa = PBXBuildFile; fileRef = C2DBE8F627CFEDCE0065FE19 /* GetImage.swift */; };
		C2DBE8F927CFF2640065FE19 /* TypeURLDTO.swift in Sources */ = {isa = PBXBuildFile; fileRef = C2DBE8F827CFF2640065FE19 /* TypeURLDTO.swift */; };
		C2DBE8FB27CFF2FE0065FE19 /* TypeURLDTO2.swift in Sources */ = {isa = PBXBuildFile; fileRef = C2DBE8FA27CFF2FE0065FE19 /* TypeURLDTO2.swift */; };
		C2E9785527D23EE400B16496 /* FooterTableCell.swift in Sources */ = {isa = PBXBuildFile; fileRef = C2E9785327D23EE400B16496 /* FooterTableCell.swift */; };
		C2E9785627D23EE400B16496 /* FooterTableCell.xib in Resources */ = {isa = PBXBuildFile; fileRef = C2E9785427D23EE400B16496 /* FooterTableCell.xib */; };
		C2E9785F27D2781100B16496 /* PokemonDetailsViewController.swift in Sources */ = {isa = PBXBuildFile; fileRef = C2E9785D27D2781100B16496 /* PokemonDetailsViewController.swift */; };
		C2E9786027D2781100B16496 /* PokemonDetailsViewController.xib in Resources */ = {isa = PBXBuildFile; fileRef = C2E9785E27D2781100B16496 /* PokemonDetailsViewController.xib */; };
/* End PBXBuildFile section */

/* Begin PBXContainerItemProxy section */
		C2DBE8BD27CFB18C0065FE19 /* PBXContainerItemProxy */ = {
			isa = PBXContainerItemProxy;
			containerPortal = C2DBE89E27CFB1750065FE19 /* Project object */;
			proxyType = 1;
			remoteGlobalIDString = C2DBE8A527CFB1750065FE19;
			remoteInfo = Pokedex;
		};
		C2DBE8C727CFB18C0065FE19 /* PBXContainerItemProxy */ = {
			isa = PBXContainerItemProxy;
			containerPortal = C2DBE89E27CFB1750065FE19 /* Project object */;
			proxyType = 1;
			remoteGlobalIDString = C2DBE8A527CFB1750065FE19;
			remoteInfo = Pokedex;
		};
/* End PBXContainerItemProxy section */

/* Begin PBXFileReference section */
		C23EDCEF2819747B00E9B946 /* grassType.mp4 */ = {isa = PBXFileReference; lastKnownFileType = file; name = grassType.mp4; path = ../../../../../../Downloads/grassType.mp4; sourceTree = "<group>"; };
		C23EDCF02819747B00E9B946 /* flyingType.mp4 */ = {isa = PBXFileReference; lastKnownFileType = file; name = flyingType.mp4; path = ../../../../../../Downloads/flyingType.mp4; sourceTree = "<group>"; };
		C23EDCF12819747C00E9B946 /* groundType.mp4 */ = {isa = PBXFileReference; lastKnownFileType = file; path = groundType.mp4; sourceTree = "<group>"; };
		C23EDCF22819747C00E9B946 /* electricType.mp4 */ = {isa = PBXFileReference; lastKnownFileType = file; name = electricType.mp4; path = ../../../../../../Downloads/electricType.mp4; sourceTree = "<group>"; };
		C23EDCF32819747D00E9B946 /* ghostType.mp4 */ = {isa = PBXFileReference; lastKnownFileType = file; path = ghostType.mp4; sourceTree = "<group>"; };
		C23EDCF42819747F00E9B946 /* poisonType.mp4 */ = {isa = PBXFileReference; lastKnownFileType = file; path = poisonType.mp4; sourceTree = "<group>"; };
		C23EDCF52819748000E9B946 /* fightingType.mp4 */ = {isa = PBXFileReference; lastKnownFileType = file; path = fightingType.mp4; sourceTree = "<group>"; };
		C23EDCF62819748100E9B946 /* rockType.mp4 */ = {isa = PBXFileReference; lastKnownFileType = file; path = rockType.mp4; sourceTree = "<group>"; };
		C23EDCF72819748200E9B946 /* bugType.mp4 */ = {isa = PBXFileReference; lastKnownFileType = file; path = bugType.mp4; sourceTree = "<group>"; };
		C23EDCF82819748200E9B946 /* normalType.mp4 */ = {isa = PBXFileReference; lastKnownFileType = file; path = normalType.mp4; sourceTree = "<group>"; };
		C23EDCF92819748200E9B946 /* fireType.mp4 */ = {isa = PBXFileReference; lastKnownFileType = file; name = fireType.mp4; path = ../../../../../../Downloads/fireType.mp4; sourceTree = "<group>"; };
		C23EDCFA2819748400E9B946 /* dragonType.mp4 */ = {isa = PBXFileReference; lastKnownFileType = file; path = dragonType.mp4; sourceTree = "<group>"; };
		C23EDCFB2819748400E9B946 /* fairyType.mp4 */ = {isa = PBXFileReference; lastKnownFileType = file; name = fairyType.mp4; path = ../../../../../../Downloads/fairyType.mp4; sourceTree = "<group>"; };
		C23EDCFD2819748400E9B946 /* waterType.mp4 */ = {isa = PBXFileReference; lastKnownFileType = file; name = waterType.mp4; path = ../../../../../../Downloads/waterType.mp4; sourceTree = "<group>"; };
		C23EDCFE2819748500E9B946 /* steelType.mp4 */ = {isa = PBXFileReference; lastKnownFileType = file; path = steelType.mp4; sourceTree = "<group>"; };
		C23EDD102819818900E9B946 /* iceType.mp4 */ = {isa = PBXFileReference; lastKnownFileType = file; path = iceType.mp4; sourceTree = "<group>"; };
		C23EDD12281982AE00E9B946 /* darkType.mp4 */ = {isa = PBXFileReference; lastKnownFileType = file; path = darkType.mp4; sourceTree = "<group>"; };
		C23EDD142819891B00E9B946 /* TypeTableViewCell.swift */ = {isa = PBXFileReference; lastKnownFileType = sourcecode.swift; path = TypeTableViewCell.swift; sourceTree = "<group>"; };
		C23EDD152819891B00E9B946 /* TypeTableViewCell.xib */ = {isa = PBXFileReference; lastKnownFileType = file.xib; path = TypeTableViewCell.xib; sourceTree = "<group>"; };
		C23EDD1C2819AFCF00E9B946 /* psychicType.mp4 */ = {isa = PBXFileReference; lastKnownFileType = file; name = psychicType.mp4; path = ../../../../../../Downloads/psychicType.mp4; sourceTree = "<group>"; };
		C243D13E28084362008F3FED /* Evolution_Chain.swift */ = {isa = PBXFileReference; lastKnownFileType = sourcecode.swift; path = Evolution_Chain.swift; sourceTree = "<group>"; };
		C2528851281814D700893E6C /* ItemDescriptionViewController.swift */ = {isa = PBXFileReference; lastKnownFileType = sourcecode.swift; path = ItemDescriptionViewController.swift; sourceTree = "<group>"; };
		C2528852281814D700893E6C /* ItemDescriptionViewController.xib */ = {isa = PBXFileReference; lastKnownFileType = file.xib; path = ItemDescriptionViewController.xib; sourceTree = "<group>"; };
		C2528856281853C100893E6C /* Int+SpecialNumber.swift */ = {isa = PBXFileReference; lastKnownFileType = sourcecode.swift; path = "Int+SpecialNumber.swift"; sourceTree = "<group>"; };
		C2528858281853FF00893E6C /* String+CapitalizingFirstLetter.swift */ = {isa = PBXFileReference; lastKnownFileType = sourcecode.swift; path = "String+CapitalizingFirstLetter.swift"; sourceTree = "<group>"; };
		C252885B2818622E00893E6C /* TypeDescriptionViewController.swift */ = {isa = PBXFileReference; lastKnownFileType = sourcecode.swift; path = TypeDescriptionViewController.swift; sourceTree = "<group>"; };
		C252885C2818622E00893E6C /* TypeDescriptionViewController.xib */ = {isa = PBXFileReference; lastKnownFileType = file.xib; path = TypeDescriptionViewController.xib; sourceTree = "<group>"; };
		C26515C22812CEDC0088647C /* FavoritesTableViewController.swift */ = {isa = PBXFileReference; lastKnownFileType = sourcecode.swift; path = FavoritesTableViewController.swift; sourceTree = "<group>"; };
		C26515C42812D5FA0088647C /* PokemonDescriptionViewModel.swift */ = {isa = PBXFileReference; lastKnownFileType = sourcecode.swift; path = PokemonDescriptionViewModel.swift; sourceTree = "<group>"; };
		C26515C62812E4F70088647C /* FavoritesViewModel.swift */ = {isa = PBXFileReference; lastKnownFileType = sourcecode.swift; path = FavoritesViewModel.swift; sourceTree = "<group>"; };
		C27CA40D2806F7D50027EA7C /* PokedexEntry.swift */ = {isa = PBXFileReference; lastKnownFileType = sourcecode.swift; path = PokedexEntry.swift; sourceTree = "<group>"; };
		C298AB0B2810510C003CA6CF /* AllPokemon.swift */ = {isa = PBXFileReference; lastKnownFileType = sourcecode.swift; path = AllPokemon.swift; sourceTree = "<group>"; };
		C298AB0E28106EAB003CA6CF /* Favorites.swift */ = {isa = PBXFileReference; lastKnownFileType = sourcecode.swift; path = Favorites.swift; sourceTree = "<group>"; };
		C298AB10281073E7003CA6CF /* MainTabController.swift */ = {isa = PBXFileReference; lastKnownFileType = sourcecode.swift; path = MainTabController.swift; sourceTree = "<group>"; };
		C2B057AF281AB1AE003A95BC /* TypeModel.swift */ = {isa = PBXFileReference; lastKnownFileType = sourcecode.swift; path = TypeModel.swift; sourceTree = "<group>"; };
		C2B057B1281AC4E3003A95BC /* TypeMapping.swift */ = {isa = PBXFileReference; lastKnownFileType = sourcecode.swift; path = TypeMapping.swift; sourceTree = "<group>"; };
		C2B057B4281AC749003A95BC /* TypeTableViewCellViewModel.swift */ = {isa = PBXFileReference; lastKnownFileType = sourcecode.swift; path = TypeTableViewCellViewModel.swift; sourceTree = "<group>"; };
		C2BF358127F47F42000A3149 /* PokemonCount.swift */ = {isa = PBXFileReference; lastKnownFileType = sourcecode.swift; path = PokemonCount.swift; sourceTree = "<group>"; };
		C2BF358527F480B0000A3149 /* MainViewModel.swift */ = {isa = PBXFileReference; lastKnownFileType = sourcecode.swift; path = MainViewModel.swift; sourceTree = "<group>"; };
		C2BF358827F49C94000A3149 /* TypePortuguese.swift */ = {isa = PBXFileReference; lastKnownFileType = sourcecode.swift; path = TypePortuguese.swift; sourceTree = "<group>"; };
		C2CCA68A2816C8FE00808DBC /* ItemDTO.swift */ = {isa = PBXFileReference; lastKnownFileType = sourcecode.swift; path = ItemDTO.swift; sourceTree = "<group>"; };
		C2CCA68C2816CBBD00808DBC /* ItemURL.swift */ = {isa = PBXFileReference; lastKnownFileType = sourcecode.swift; path = ItemURL.swift; sourceTree = "<group>"; };
		C2CCA68E2816D12E00808DBC /* ListAllItemsViewController.swift */ = {isa = PBXFileReference; lastKnownFileType = sourcecode.swift; path = ListAllItemsViewController.swift; sourceTree = "<group>"; };
		C2CCA6922816D2C600808DBC /* AllItemsViewModel.swift */ = {isa = PBXFileReference; lastKnownFileType = sourcecode.swift; path = AllItemsViewModel.swift; sourceTree = "<group>"; };
		C2CCA6952817170700808DBC /* ItemsCell.swift */ = {isa = PBXFileReference; lastKnownFileType = sourcecode.swift; path = ItemsCell.swift; sourceTree = "<group>"; };
		C2CCA6962817170700808DBC /* ItemsCell.xib */ = {isa = PBXFileReference; lastKnownFileType = file.xib; path = ItemsCell.xib; sourceTree = "<group>"; };
		C2DBE8A627CFB1750065FE19 /* Pokedex.app */ = {isa = PBXFileReference; explicitFileType = wrapper.application; includeInIndex = 0; path = Pokedex.app; sourceTree = BUILT_PRODUCTS_DIR; };
		C2DBE8A927CFB1750065FE19 /* AppDelegate.swift */ = {isa = PBXFileReference; lastKnownFileType = sourcecode.swift; path = AppDelegate.swift; sourceTree = "<group>"; };
		C2DBE8AB27CFB1750065FE19 /* SceneDelegate.swift */ = {isa = PBXFileReference; lastKnownFileType = sourcecode.swift; path = SceneDelegate.swift; sourceTree = "<group>"; };
		C2DBE8AD27CFB1750065FE19 /* ViewController.swift */ = {isa = PBXFileReference; lastKnownFileType = sourcecode.swift; path = ViewController.swift; sourceTree = "<group>"; };
		C2DBE8B027CFB1750065FE19 /* Base */ = {isa = PBXFileReference; lastKnownFileType = file.storyboard; name = Base; path = Base.lproj/Main.storyboard; sourceTree = "<group>"; };
		C2DBE8B227CFB18B0065FE19 /* Assets.xcassets */ = {isa = PBXFileReference; lastKnownFileType = folder.assetcatalog; path = Assets.xcassets; sourceTree = "<group>"; };
		C2DBE8B527CFB18B0065FE19 /* Base */ = {isa = PBXFileReference; lastKnownFileType = file.storyboard; name = Base; path = Base.lproj/LaunchScreen.storyboard; sourceTree = "<group>"; };
		C2DBE8B727CFB18B0065FE19 /* Info.plist */ = {isa = PBXFileReference; lastKnownFileType = text.plist.xml; path = Info.plist; sourceTree = "<group>"; };
		C2DBE8BC27CFB18C0065FE19 /* PokedexTests.xctest */ = {isa = PBXFileReference; explicitFileType = wrapper.cfbundle; includeInIndex = 0; path = PokedexTests.xctest; sourceTree = BUILT_PRODUCTS_DIR; };
		C2DBE8C027CFB18C0065FE19 /* PokedexTests.swift */ = {isa = PBXFileReference; lastKnownFileType = sourcecode.swift; path = PokedexTests.swift; sourceTree = "<group>"; };
		C2DBE8C627CFB18C0065FE19 /* PokedexUITests.xctest */ = {isa = PBXFileReference; explicitFileType = wrapper.cfbundle; includeInIndex = 0; path = PokedexUITests.xctest; sourceTree = BUILT_PRODUCTS_DIR; };
		C2DBE8CA27CFB18C0065FE19 /* PokedexUITests.swift */ = {isa = PBXFileReference; lastKnownFileType = sourcecode.swift; path = PokedexUITests.swift; sourceTree = "<group>"; };
		C2DBE8CC27CFB18C0065FE19 /* PokedexUITestsLaunchTests.swift */ = {isa = PBXFileReference; lastKnownFileType = sourcecode.swift; path = PokedexUITestsLaunchTests.swift; sourceTree = "<group>"; };
		C2DBE8E227CFD1DA0065FE19 /* PokemonTableViewCell.swift */ = {isa = PBXFileReference; lastKnownFileType = sourcecode.swift; path = PokemonTableViewCell.swift; sourceTree = "<group>"; };
		C2DBE8E327CFD1DA0065FE19 /* PokemonTableViewCell.xib */ = {isa = PBXFileReference; lastKnownFileType = file.xib; path = PokemonTableViewCell.xib; sourceTree = "<group>"; };
		C2DBE8E727CFDB150065FE19 /* Network.swift */ = {isa = PBXFileReference; lastKnownFileType = sourcecode.swift; name = Network.swift; path = ../../../../../Network.swift; sourceTree = "<group>"; };
		C2DBE8E927CFE25F0065FE19 /* API.swift */ = {isa = PBXFileReference; lastKnownFileType = sourcecode.swift; path = API.swift; sourceTree = "<group>"; };
		C2DBE8EB27CFE27B0065FE19 /* Endpoint.swift */ = {isa = PBXFileReference; lastKnownFileType = sourcecode.swift; path = Endpoint.swift; sourceTree = "<group>"; };
		C2DBE8ED27CFE2C40065FE19 /* Enviroment.swift */ = {isa = PBXFileReference; lastKnownFileType = sourcecode.swift; path = Enviroment.swift; sourceTree = "<group>"; };
		C2DBE8F027CFE62D0065FE19 /* PokemonDTO.swift */ = {isa = PBXFileReference; lastKnownFileType = sourcecode.swift; path = PokemonDTO.swift; sourceTree = "<group>"; };
		C2DBE8F227CFE6490065FE19 /* TypeDTO.swift */ = {isa = PBXFileReference; lastKnownFileType = sourcecode.swift; path = TypeDTO.swift; sourceTree = "<group>"; };
		C2DBE8F427CFEA1D0065FE19 /* Sprites.swift */ = {isa = PBXFileReference; lastKnownFileType = sourcecode.swift; path = Sprites.swift; sourceTree = "<group>"; };
		C2DBE8F627CFEDCE0065FE19 /* GetImage.swift */ = {isa = PBXFileReference; lastKnownFileType = sourcecode.swift; path = GetImage.swift; sourceTree = "<group>"; };
		C2DBE8F827CFF2640065FE19 /* TypeURLDTO.swift */ = {isa = PBXFileReference; lastKnownFileType = sourcecode.swift; path = TypeURLDTO.swift; sourceTree = "<group>"; };
		C2DBE8FA27CFF2FE0065FE19 /* TypeURLDTO2.swift */ = {isa = PBXFileReference; lastKnownFileType = sourcecode.swift; path = TypeURLDTO2.swift; sourceTree = "<group>"; };
		C2E9785327D23EE400B16496 /* FooterTableCell.swift */ = {isa = PBXFileReference; lastKnownFileType = sourcecode.swift; path = FooterTableCell.swift; sourceTree = "<group>"; };
		C2E9785427D23EE400B16496 /* FooterTableCell.xib */ = {isa = PBXFileReference; lastKnownFileType = file.xib; path = FooterTableCell.xib; sourceTree = "<group>"; };
		C2E9785D27D2781100B16496 /* PokemonDetailsViewController.swift */ = {isa = PBXFileReference; lastKnownFileType = sourcecode.swift; path = PokemonDetailsViewController.swift; sourceTree = "<group>"; };
		C2E9785E27D2781100B16496 /* PokemonDetailsViewController.xib */ = {isa = PBXFileReference; lastKnownFileType = file.xib; path = PokemonDetailsViewController.xib; sourceTree = "<group>"; };
/* End PBXFileReference section */

/* Begin PBXFrameworksBuildPhase section */
		C2DBE8A327CFB1750065FE19 /* Frameworks */ = {
			isa = PBXFrameworksBuildPhase;
			buildActionMask = 2147483647;
			files = (
				C2DBE8E027CFB2C10065FE19 /* SnapKit in Frameworks */,
				C2DBE8DB27CFB2770065FE19 /* Moya in Frameworks */,
				C27CA413280708B10027EA7C /* RxSwift in Frameworks */,
				C27CA411280708B10027EA7C /* RxCocoa in Frameworks */,
				C2DBE8DD27CFB2770065FE19 /* ReactiveMoya in Frameworks */,
			);
			runOnlyForDeploymentPostprocessing = 0;
		};
		C2DBE8B927CFB18C0065FE19 /* Frameworks */ = {
			isa = PBXFrameworksBuildPhase;
			buildActionMask = 2147483647;
			files = (
			);
			runOnlyForDeploymentPostprocessing = 0;
		};
		C2DBE8C327CFB18C0065FE19 /* Frameworks */ = {
			isa = PBXFrameworksBuildPhase;
			buildActionMask = 2147483647;
			files = (
			);
			runOnlyForDeploymentPostprocessing = 0;
		};
/* End PBXFrameworksBuildPhase section */

/* Begin PBXGroup section */
		C2528855281853AA00893E6C /* Extensions */ = {
			isa = PBXGroup;
			children = (
				C2528856281853C100893E6C /* Int+SpecialNumber.swift */,
				C2528858281853FF00893E6C /* String+CapitalizingFirstLetter.swift */,
			);
			path = Extensions;
			sourceTree = "<group>";
		};
		C252885A2818613800893E6C /* TypeControllers */ = {
			isa = PBXGroup;
			children = (
				C252885B2818622E00893E6C /* TypeDescriptionViewController.swift */,
				C252885C2818622E00893E6C /* TypeDescriptionViewController.xib */,
				C23EDD142819891B00E9B946 /* TypeTableViewCell.swift */,
				C23EDD152819891B00E9B946 /* TypeTableViewCell.xib */,
			);
			path = TypeControllers;
			sourceTree = "<group>";
		};
		C252885F281866C600893E6C /* Videos */ = {
			isa = PBXGroup;
			children = (
				C23EDCF72819748200E9B946 /* bugType.mp4 */,
				C23EDCFA2819748400E9B946 /* dragonType.mp4 */,
				C23EDD12281982AE00E9B946 /* darkType.mp4 */,
				C23EDCF22819747C00E9B946 /* electricType.mp4 */,
				C23EDCFB2819748400E9B946 /* fairyType.mp4 */,
				C23EDCF52819748000E9B946 /* fightingType.mp4 */,
				C23EDCF92819748200E9B946 /* fireType.mp4 */,
				C23EDCF02819747B00E9B946 /* flyingType.mp4 */,
				C23EDD1C2819AFCF00E9B946 /* psychicType.mp4 */,
				C23EDCF32819747D00E9B946 /* ghostType.mp4 */,
				C23EDCEF2819747B00E9B946 /* grassType.mp4 */,
				C23EDCF12819747C00E9B946 /* groundType.mp4 */,
				C23EDD102819818900E9B946 /* iceType.mp4 */,
				C23EDCFE2819748500E9B946 /* steelType.mp4 */,
				C23EDCF82819748200E9B946 /* normalType.mp4 */,
				C23EDCF42819747F00E9B946 /* poisonType.mp4 */,
				C23EDCF62819748100E9B946 /* rockType.mp4 */,
				C23EDCFD2819748400E9B946 /* waterType.mp4 */,
			);
			path = Videos;
			sourceTree = "<group>";
		};
		C26515C9281309850088647C /* PokemonControllers */ = {
			isa = PBXGroup;
			children = (
				C2DBE8E127CFD1BD0065FE19 /* Cells */,
				C2DBE8AD27CFB1750065FE19 /* ViewController.swift */,
				C2E9785D27D2781100B16496 /* PokemonDetailsViewController.swift */,
				C2E9785E27D2781100B16496 /* PokemonDetailsViewController.xib */,
				C298AB10281073E7003CA6CF /* MainTabController.swift */,
				C26515C22812CEDC0088647C /* FavoritesTableViewController.swift */,
			);
			path = PokemonControllers;
			sourceTree = "<group>";
		};
		C298AB0D28106E90003CA6CF /* Static Assets */ = {
			isa = PBXGroup;
			children = (
				C298AB0E28106EAB003CA6CF /* Favorites.swift */,
			);
			path = "Static Assets";
			sourceTree = "<group>";
		};
		C2B057AE281AB181003A95BC /* TypeModels */ = {
			isa = PBXGroup;
			children = (
				C2DBE8F227CFE6490065FE19 /* TypeDTO.swift */,
				C2DBE8F827CFF2640065FE19 /* TypeURLDTO.swift */,
				C2DBE8FA27CFF2FE0065FE19 /* TypeURLDTO2.swift */,
				C2B057AF281AB1AE003A95BC /* TypeModel.swift */,
				C2B057B1281AC4E3003A95BC /* TypeMapping.swift */,
			);
			path = TypeModels;
			sourceTree = "<group>";
		};
		C2B057B3281AC722003A95BC /* TypeViewModels */ = {
			isa = PBXGroup;
			children = (
				C2B057B4281AC749003A95BC /* TypeTableViewCellViewModel.swift */,
			);
			path = TypeViewModels;
			sourceTree = "<group>";
		};
		C2BF358427F48086000A3149 /* View Model */ = {
			isa = PBXGroup;
			children = (
				C2B057B3281AC722003A95BC /* TypeViewModels */,
				C2CCA6912816D2B400808DBC /* ItemsViewModels */,
				C2CCA6902816D28200808DBC /* PokemonViewModels */,
			);
			path = "View Model";
			sourceTree = "<group>";
		};
		C2BF358727F49C83000A3149 /* UseCase */ = {
			isa = PBXGroup;
			children = (
				C2BF358827F49C94000A3149 /* TypePortuguese.swift */,
			);
			path = UseCase;
			sourceTree = "<group>";
		};
		C2CCA6862816C15300808DBC /* PokemonModels */ = {
			isa = PBXGroup;
			children = (
				C2DBE8F027CFE62D0065FE19 /* PokemonDTO.swift */,
				C2DBE8F427CFEA1D0065FE19 /* Sprites.swift */,
				C2BF358127F47F42000A3149 /* PokemonCount.swift */,
				C27CA40D2806F7D50027EA7C /* PokedexEntry.swift */,
				C243D13E28084362008F3FED /* Evolution_Chain.swift */,
				C298AB0B2810510C003CA6CF /* AllPokemon.swift */,
			);
			path = PokemonModels;
			sourceTree = "<group>";
		};
		C2CCA6872816C16300808DBC /* ItemsModels */ = {
			isa = PBXGroup;
			children = (
				C2CCA68A2816C8FE00808DBC /* ItemDTO.swift */,
				C2CCA68C2816CBBD00808DBC /* ItemURL.swift */,
			);
			path = ItemsModels;
			sourceTree = "<group>";
		};
		C2CCA6882816C17300808DBC /* ItemsControllers */ = {
			isa = PBXGroup;
			children = (
				C2CCA694281716DF00808DBC /* cells */,
				C2CCA68E2816D12E00808DBC /* ListAllItemsViewController.swift */,
				C2528851281814D700893E6C /* ItemDescriptionViewController.swift */,
				C2528852281814D700893E6C /* ItemDescriptionViewController.xib */,
			);
			path = ItemsControllers;
			sourceTree = "<group>";
		};
		C2CCA6892816C18700808DBC /* Controllers */ = {
			isa = PBXGroup;
			children = (
				C252885A2818613800893E6C /* TypeControllers */,
				C2CCA6882816C17300808DBC /* ItemsControllers */,
				C26515C9281309850088647C /* PokemonControllers */,
			);
			path = Controllers;
			sourceTree = "<group>";
		};
		C2CCA6902816D28200808DBC /* PokemonViewModels */ = {
			isa = PBXGroup;
			children = (
				C2BF358527F480B0000A3149 /* MainViewModel.swift */,
				C26515C42812D5FA0088647C /* PokemonDescriptionViewModel.swift */,
				C26515C62812E4F70088647C /* FavoritesViewModel.swift */,
			);
			path = PokemonViewModels;
			sourceTree = "<group>";
		};
		C2CCA6912816D2B400808DBC /* ItemsViewModels */ = {
			isa = PBXGroup;
			children = (
				C2CCA6922816D2C600808DBC /* AllItemsViewModel.swift */,
			);
			path = ItemsViewModels;
			sourceTree = "<group>";
		};
		C2CCA694281716DF00808DBC /* cells */ = {
			isa = PBXGroup;
			children = (
				C2CCA6952817170700808DBC /* ItemsCell.swift */,
				C2CCA6962817170700808DBC /* ItemsCell.xib */,
			);
			path = cells;
			sourceTree = "<group>";
		};
		C2DBE89D27CFB1750065FE19 = {
			isa = PBXGroup;
			children = (
				C2DBE8A827CFB1750065FE19 /* Pokedex */,
				C2DBE8BF27CFB18C0065FE19 /* PokedexTests */,
				C2DBE8C927CFB18C0065FE19 /* PokedexUITests */,
				C2DBE8A727CFB1750065FE19 /* Products */,
			);
			sourceTree = "<group>";
		};
		C2DBE8A727CFB1750065FE19 /* Products */ = {
			isa = PBXGroup;
			children = (
				C2DBE8A627CFB1750065FE19 /* Pokedex.app */,
				C2DBE8BC27CFB18C0065FE19 /* PokedexTests.xctest */,
				C2DBE8C627CFB18C0065FE19 /* PokedexUITests.xctest */,
			);
			name = Products;
			sourceTree = "<group>";
		};
		C2DBE8A827CFB1750065FE19 /* Pokedex */ = {
			isa = PBXGroup;
			children = (
				C252885F281866C600893E6C /* Videos */,
				C2528855281853AA00893E6C /* Extensions */,
				C2CCA6892816C18700808DBC /* Controllers */,
				C298AB0D28106E90003CA6CF /* Static Assets */,
				C2DBE8EF27CFE60F0065FE19 /* Models */,
				C2BF358727F49C83000A3149 /* UseCase */,
				C2BF358427F48086000A3149 /* View Model */,
				C2DBE8E627CFDAF20065FE19 /* Network */,
				C2DBE8A927CFB1750065FE19 /* AppDelegate.swift */,
				C2DBE8AB27CFB1750065FE19 /* SceneDelegate.swift */,
				C2DBE8AF27CFB1750065FE19 /* Main.storyboard */,
				C2DBE8B227CFB18B0065FE19 /* Assets.xcassets */,
				C2DBE8B427CFB18B0065FE19 /* LaunchScreen.storyboard */,
				C2DBE8B727CFB18B0065FE19 /* Info.plist */,
			);
			path = Pokedex;
			sourceTree = "<group>";
		};
		C2DBE8BF27CFB18C0065FE19 /* PokedexTests */ = {
			isa = PBXGroup;
			children = (
				C2DBE8C027CFB18C0065FE19 /* PokedexTests.swift */,
			);
			path = PokedexTests;
			sourceTree = "<group>";
		};
		C2DBE8C927CFB18C0065FE19 /* PokedexUITests */ = {
			isa = PBXGroup;
			children = (
				C2DBE8CA27CFB18C0065FE19 /* PokedexUITests.swift */,
				C2DBE8CC27CFB18C0065FE19 /* PokedexUITestsLaunchTests.swift */,
			);
			path = PokedexUITests;
			sourceTree = "<group>";
		};
		C2DBE8E127CFD1BD0065FE19 /* Cells */ = {
			isa = PBXGroup;
			children = (
				C2DBE8E227CFD1DA0065FE19 /* PokemonTableViewCell.swift */,
				C2DBE8E327CFD1DA0065FE19 /* PokemonTableViewCell.xib */,
				C2E9785327D23EE400B16496 /* FooterTableCell.swift */,
				C2E9785427D23EE400B16496 /* FooterTableCell.xib */,
			);
			path = Cells;
			sourceTree = "<group>";
		};
		C2DBE8E627CFDAF20065FE19 /* Network */ = {
			isa = PBXGroup;
			children = (
				C2DBE8E727CFDB150065FE19 /* Network.swift */,
				C2DBE8E927CFE25F0065FE19 /* API.swift */,
				C2DBE8EB27CFE27B0065FE19 /* Endpoint.swift */,
				C2DBE8ED27CFE2C40065FE19 /* Enviroment.swift */,
				C2DBE8F627CFEDCE0065FE19 /* GetImage.swift */,
			);
			path = Network;
			sourceTree = "<group>";
		};
		C2DBE8EF27CFE60F0065FE19 /* Models */ = {
			isa = PBXGroup;
			children = (
				C2B057AE281AB181003A95BC /* TypeModels */,
				C2CCA6872816C16300808DBC /* ItemsModels */,
				C2CCA6862816C15300808DBC /* PokemonModels */,
			);
			path = Models;
			sourceTree = "<group>";
		};
/* End PBXGroup section */

/* Begin PBXNativeTarget section */
		C2DBE8A527CFB1750065FE19 /* Pokedex */ = {
			isa = PBXNativeTarget;
			buildConfigurationList = C2DBE8D027CFB18C0065FE19 /* Build configuration list for PBXNativeTarget "Pokedex" */;
			buildPhases = (
				C2DBE8A227CFB1750065FE19 /* Sources */,
				C2DBE8A327CFB1750065FE19 /* Frameworks */,
				C2DBE8A427CFB1750065FE19 /* Resources */,
			);
			buildRules = (
			);
			dependencies = (
			);
			name = Pokedex;
			packageProductDependencies = (
				C2DBE8DA27CFB2770065FE19 /* Moya */,
				C2DBE8DC27CFB2770065FE19 /* ReactiveMoya */,
				C2DBE8DF27CFB2C10065FE19 /* SnapKit */,
				C27CA410280708B10027EA7C /* RxCocoa */,
				C27CA412280708B10027EA7C /* RxSwift */,
			);
			productName = Pokedex;
			productReference = C2DBE8A627CFB1750065FE19 /* Pokedex.app */;
			productType = "com.apple.product-type.application";
		};
		C2DBE8BB27CFB18C0065FE19 /* PokedexTests */ = {
			isa = PBXNativeTarget;
			buildConfigurationList = C2DBE8D327CFB18C0065FE19 /* Build configuration list for PBXNativeTarget "PokedexTests" */;
			buildPhases = (
				C2DBE8B827CFB18C0065FE19 /* Sources */,
				C2DBE8B927CFB18C0065FE19 /* Frameworks */,
				C2DBE8BA27CFB18C0065FE19 /* Resources */,
			);
			buildRules = (
			);
			dependencies = (
				C2DBE8BE27CFB18C0065FE19 /* PBXTargetDependency */,
			);
			name = PokedexTests;
			productName = PokedexTests;
			productReference = C2DBE8BC27CFB18C0065FE19 /* PokedexTests.xctest */;
			productType = "com.apple.product-type.bundle.unit-test";
		};
		C2DBE8C527CFB18C0065FE19 /* PokedexUITests */ = {
			isa = PBXNativeTarget;
			buildConfigurationList = C2DBE8D627CFB18C0065FE19 /* Build configuration list for PBXNativeTarget "PokedexUITests" */;
			buildPhases = (
				C2DBE8C227CFB18C0065FE19 /* Sources */,
				C2DBE8C327CFB18C0065FE19 /* Frameworks */,
				C2DBE8C427CFB18C0065FE19 /* Resources */,
			);
			buildRules = (
			);
			dependencies = (
				C2DBE8C827CFB18C0065FE19 /* PBXTargetDependency */,
			);
			name = PokedexUITests;
			productName = PokedexUITests;
			productReference = C2DBE8C627CFB18C0065FE19 /* PokedexUITests.xctest */;
			productType = "com.apple.product-type.bundle.ui-testing";
		};
/* End PBXNativeTarget section */

/* Begin PBXProject section */
		C2DBE89E27CFB1750065FE19 /* Project object */ = {
			isa = PBXProject;
			attributes = {
				BuildIndependentTargetsInParallel = 1;
				LastSwiftUpdateCheck = 1310;
				LastUpgradeCheck = 1310;
				TargetAttributes = {
					C2DBE8A527CFB1750065FE19 = {
						CreatedOnToolsVersion = 13.1;
					};
					C2DBE8BB27CFB18C0065FE19 = {
						CreatedOnToolsVersion = 13.1;
						TestTargetID = C2DBE8A527CFB1750065FE19;
					};
					C2DBE8C527CFB18C0065FE19 = {
						CreatedOnToolsVersion = 13.1;
						TestTargetID = C2DBE8A527CFB1750065FE19;
					};
				};
			};
			buildConfigurationList = C2DBE8A127CFB1750065FE19 /* Build configuration list for PBXProject "Pokedex" */;
			compatibilityVersion = "Xcode 13.0";
			developmentRegion = en;
			hasScannedForEncodings = 0;
			knownRegions = (
				en,
				Base,
			);
			mainGroup = C2DBE89D27CFB1750065FE19;
			packageReferences = (
				C2DBE8D927CFB2770065FE19 /* XCRemoteSwiftPackageReference "Moya" */,
				C2DBE8DE27CFB2C10065FE19 /* XCRemoteSwiftPackageReference "SnapKit" */,
				C27CA40F280708B10027EA7C /* XCRemoteSwiftPackageReference "RxSwift" */,
			);
			productRefGroup = C2DBE8A727CFB1750065FE19 /* Products */;
			projectDirPath = "";
			projectRoot = "";
			targets = (
				C2DBE8A527CFB1750065FE19 /* Pokedex */,
				C2DBE8BB27CFB18C0065FE19 /* PokedexTests */,
				C2DBE8C527CFB18C0065FE19 /* PokedexUITests */,
			);
		};
/* End PBXProject section */

/* Begin PBXResourcesBuildPhase section */
		C2DBE8A427CFB1750065FE19 /* Resources */ = {
			isa = PBXResourcesBuildPhase;
			buildActionMask = 2147483647;
			files = (
				C23EDD0B2819748500E9B946 /* dragonType.mp4 in Resources */,
				C23EDD0C2819748500E9B946 /* fairyType.mp4 in Resources */,
				C2CCA6982817170700808DBC /* ItemsCell.xib in Resources */,
				C2E9786027D2781100B16496 /* PokemonDetailsViewController.xib in Resources */,
				C2DBE8B627CFB18B0065FE19 /* LaunchScreen.storyboard in Resources */,
				C23EDD002819748500E9B946 /* grassType.mp4 in Resources */,
				C23EDD172819891B00E9B946 /* TypeTableViewCell.xib in Resources */,
				C23EDD012819748500E9B946 /* flyingType.mp4 in Resources */,
				C23EDD082819748500E9B946 /* bugType.mp4 in Resources */,
				C2DBE8E527CFD1DA0065FE19 /* PokemonTableViewCell.xib in Resources */,
				C2528854281814D700893E6C /* ItemDescriptionViewController.xib in Resources */,
				C23EDD0E2819748500E9B946 /* waterType.mp4 in Resources */,
				C23EDD052819748500E9B946 /* poisonType.mp4 in Resources */,
				C23EDD072819748500E9B946 /* rockType.mp4 in Resources */,
				C2DBE8B327CFB18B0065FE19 /* Assets.xcassets in Resources */,
				C23EDD032819748500E9B946 /* electricType.mp4 in Resources */,
				C23EDD092819748500E9B946 /* normalType.mp4 in Resources */,
				C23EDD13281982AE00E9B946 /* darkType.mp4 in Resources */,
				C23EDD062819748500E9B946 /* fightingType.mp4 in Resources */,
				C252885E2818622E00893E6C /* TypeDescriptionViewController.xib in Resources */,
				C23EDD0A2819748500E9B946 /* fireType.mp4 in Resources */,
				C2E9785627D23EE400B16496 /* FooterTableCell.xib in Resources */,
				C23EDD042819748500E9B946 /* ghostType.mp4 in Resources */,
				C23EDD1D2819AFCF00E9B946 /* psychicType.mp4 in Resources */,
				C23EDD0F2819748500E9B946 /* steelType.mp4 in Resources */,
				C23EDD112819818900E9B946 /* iceType.mp4 in Resources */,
				C2DBE8B127CFB1750065FE19 /* Main.storyboard in Resources */,
				C23EDD022819748500E9B946 /* groundType.mp4 in Resources */,
			);
			runOnlyForDeploymentPostprocessing = 0;
		};
		C2DBE8BA27CFB18C0065FE19 /* Resources */ = {
			isa = PBXResourcesBuildPhase;
			buildActionMask = 2147483647;
			files = (
			);
			runOnlyForDeploymentPostprocessing = 0;
		};
		C2DBE8C427CFB18C0065FE19 /* Resources */ = {
			isa = PBXResourcesBuildPhase;
			buildActionMask = 2147483647;
			files = (
			);
			runOnlyForDeploymentPostprocessing = 0;
		};
/* End PBXResourcesBuildPhase section */

/* Begin PBXSourcesBuildPhase section */
		C2DBE8A227CFB1750065FE19 /* Sources */ = {
			isa = PBXSourcesBuildPhase;
			buildActionMask = 2147483647;
			files = (
				C23EDD162819891B00E9B946 /* TypeTableViewCell.swift in Sources */,
				C2DBE8F127CFE62D0065FE19 /* PokemonDTO.swift in Sources */,
				C26515C32812CEDC0088647C /* FavoritesTableViewController.swift in Sources */,
				C26515C52812D5FA0088647C /* PokemonDescriptionViewModel.swift in Sources */,
				C252885D2818622E00893E6C /* TypeDescriptionViewController.swift in Sources */,
				C2BF358227F47F42000A3149 /* PokemonCount.swift in Sources */,
				C2CCA68B2816C8FE00808DBC /* ItemDTO.swift in Sources */,
				C2CCA6932816D2C600808DBC /* AllItemsViewModel.swift in Sources */,
				C2DBE8EC27CFE27B0065FE19 /* Endpoint.swift in Sources */,
				C2528857281853C100893E6C /* Int+SpecialNumber.swift in Sources */,
				C2B057B2281AC4E3003A95BC /* TypeMapping.swift in Sources */,
				C2DBE8FB27CFF2FE0065FE19 /* TypeURLDTO2.swift in Sources */,
				C2DBE8E827CFDB150065FE19 /* Network.swift in Sources */,
				C243D13F28084362008F3FED /* Evolution_Chain.swift in Sources */,
				C2528853281814D700893E6C /* ItemDescriptionViewController.swift in Sources */,
				C2DBE8F927CFF2640065FE19 /* TypeURLDTO.swift in Sources */,
				C2DBE8EE27CFE2C40065FE19 /* Enviroment.swift in Sources */,
				C27CA40E2806F7D50027EA7C /* PokedexEntry.swift in Sources */,
				C2E9785527D23EE400B16496 /* FooterTableCell.swift in Sources */,
				C2DBE8AE27CFB1750065FE19 /* ViewController.swift in Sources */,
				C2DBE8F327CFE6490065FE19 /* TypeDTO.swift in Sources */,
				C2DBE8E427CFD1DA0065FE19 /* PokemonTableViewCell.swift in Sources */,
				C2BF358927F49C94000A3149 /* TypePortuguese.swift in Sources */,
				C2DBE8F527CFEA1D0065FE19 /* Sprites.swift in Sources */,
				C2B057B5281AC749003A95BC /* TypeTableViewCellViewModel.swift in Sources */,
				C2BF358627F480B0000A3149 /* MainViewModel.swift in Sources */,
				C298AB11281073E7003CA6CF /* MainTabController.swift in Sources */,
				C2DBE8F727CFEDCE0065FE19 /* GetImage.swift in Sources */,
				C298AB0C2810510C003CA6CF /* AllPokemon.swift in Sources */,
				C2B057B0281AB1AE003A95BC /* TypeModel.swift in Sources */,
				C26515C72812E4F70088647C /* FavoritesViewModel.swift in Sources */,
				C2CCA68D2816CBBD00808DBC /* ItemURL.swift in Sources */,
				C2528859281853FF00893E6C /* String+CapitalizingFirstLetter.swift in Sources */,
				C2E9785F27D2781100B16496 /* PokemonDetailsViewController.swift in Sources */,
				C2DBE8AA27CFB1750065FE19 /* AppDelegate.swift in Sources */,
				C2CCA68F2816D12E00808DBC /* ListAllItemsViewController.swift in Sources */,
				C2CCA6972817170700808DBC /* ItemsCell.swift in Sources */,
				C298AB0F28106EAB003CA6CF /* Favorites.swift in Sources */,
				C2DBE8EA27CFE25F0065FE19 /* API.swift in Sources */,
				C2DBE8AC27CFB1750065FE19 /* SceneDelegate.swift in Sources */,
			);
			runOnlyForDeploymentPostprocessing = 0;
		};
		C2DBE8B827CFB18C0065FE19 /* Sources */ = {
			isa = PBXSourcesBuildPhase;
			buildActionMask = 2147483647;
			files = (
				C2DBE8C127CFB18C0065FE19 /* PokedexTests.swift in Sources */,
			);
			runOnlyForDeploymentPostprocessing = 0;
		};
		C2DBE8C227CFB18C0065FE19 /* Sources */ = {
			isa = PBXSourcesBuildPhase;
			buildActionMask = 2147483647;
			files = (
				C2DBE8CB27CFB18C0065FE19 /* PokedexUITests.swift in Sources */,
				C2DBE8CD27CFB18C0065FE19 /* PokedexUITestsLaunchTests.swift in Sources */,
			);
			runOnlyForDeploymentPostprocessing = 0;
		};
/* End PBXSourcesBuildPhase section */

/* Begin PBXTargetDependency section */
		C2DBE8BE27CFB18C0065FE19 /* PBXTargetDependency */ = {
			isa = PBXTargetDependency;
			target = C2DBE8A527CFB1750065FE19 /* Pokedex */;
			targetProxy = C2DBE8BD27CFB18C0065FE19 /* PBXContainerItemProxy */;
		};
		C2DBE8C827CFB18C0065FE19 /* PBXTargetDependency */ = {
			isa = PBXTargetDependency;
			target = C2DBE8A527CFB1750065FE19 /* Pokedex */;
			targetProxy = C2DBE8C727CFB18C0065FE19 /* PBXContainerItemProxy */;
		};
/* End PBXTargetDependency section */

/* Begin PBXVariantGroup section */
		C2DBE8AF27CFB1750065FE19 /* Main.storyboard */ = {
			isa = PBXVariantGroup;
			children = (
				C2DBE8B027CFB1750065FE19 /* Base */,
			);
			name = Main.storyboard;
			sourceTree = "<group>";
		};
		C2DBE8B427CFB18B0065FE19 /* LaunchScreen.storyboard */ = {
			isa = PBXVariantGroup;
			children = (
				C2DBE8B527CFB18B0065FE19 /* Base */,
			);
			name = LaunchScreen.storyboard;
			sourceTree = "<group>";
		};
/* End PBXVariantGroup section */

/* Begin XCBuildConfiguration section */
		C2DBE8CE27CFB18C0065FE19 /* Debug */ = {
			isa = XCBuildConfiguration;
			buildSettings = {
				ALWAYS_SEARCH_USER_PATHS = NO;
				CLANG_ANALYZER_NONNULL = YES;
				CLANG_ANALYZER_NUMBER_OBJECT_CONVERSION = YES_AGGRESSIVE;
				CLANG_CXX_LANGUAGE_STANDARD = "gnu++17";
				CLANG_CXX_LIBRARY = "libc++";
				CLANG_ENABLE_MODULES = YES;
				CLANG_ENABLE_OBJC_ARC = YES;
				CLANG_ENABLE_OBJC_WEAK = YES;
				CLANG_WARN_BLOCK_CAPTURE_AUTORELEASING = YES;
				CLANG_WARN_BOOL_CONVERSION = YES;
				CLANG_WARN_COMMA = YES;
				CLANG_WARN_CONSTANT_CONVERSION = YES;
				CLANG_WARN_DEPRECATED_OBJC_IMPLEMENTATIONS = YES;
				CLANG_WARN_DIRECT_OBJC_ISA_USAGE = YES_ERROR;
				CLANG_WARN_DOCUMENTATION_COMMENTS = YES;
				CLANG_WARN_EMPTY_BODY = YES;
				CLANG_WARN_ENUM_CONVERSION = YES;
				CLANG_WARN_INFINITE_RECURSION = YES;
				CLANG_WARN_INT_CONVERSION = YES;
				CLANG_WARN_NON_LITERAL_NULL_CONVERSION = YES;
				CLANG_WARN_OBJC_IMPLICIT_RETAIN_SELF = YES;
				CLANG_WARN_OBJC_LITERAL_CONVERSION = YES;
				CLANG_WARN_OBJC_ROOT_CLASS = YES_ERROR;
				CLANG_WARN_QUOTED_INCLUDE_IN_FRAMEWORK_HEADER = YES;
				CLANG_WARN_RANGE_LOOP_ANALYSIS = YES;
				CLANG_WARN_STRICT_PROTOTYPES = YES;
				CLANG_WARN_SUSPICIOUS_MOVE = YES;
				CLANG_WARN_UNGUARDED_AVAILABILITY = YES_AGGRESSIVE;
				CLANG_WARN_UNREACHABLE_CODE = YES;
				CLANG_WARN__DUPLICATE_METHOD_MATCH = YES;
				COPY_PHASE_STRIP = NO;
				DEBUG_INFORMATION_FORMAT = dwarf;
				ENABLE_STRICT_OBJC_MSGSEND = YES;
				ENABLE_TESTABILITY = YES;
				GCC_C_LANGUAGE_STANDARD = gnu11;
				GCC_DYNAMIC_NO_PIC = NO;
				GCC_NO_COMMON_BLOCKS = YES;
				GCC_OPTIMIZATION_LEVEL = 0;
				GCC_PREPROCESSOR_DEFINITIONS = (
					"DEBUG=1",
					"$(inherited)",
				);
				GCC_WARN_64_TO_32_BIT_CONVERSION = YES;
				GCC_WARN_ABOUT_RETURN_TYPE = YES_ERROR;
				GCC_WARN_UNDECLARED_SELECTOR = YES;
				GCC_WARN_UNINITIALIZED_AUTOS = YES_AGGRESSIVE;
				GCC_WARN_UNUSED_FUNCTION = YES;
				GCC_WARN_UNUSED_VARIABLE = YES;
				IPHONEOS_DEPLOYMENT_TARGET = 15.0;
				MTL_ENABLE_DEBUG_INFO = INCLUDE_SOURCE;
				MTL_FAST_MATH = YES;
				ONLY_ACTIVE_ARCH = YES;
				SDKROOT = iphoneos;
				SWIFT_ACTIVE_COMPILATION_CONDITIONS = DEBUG;
				SWIFT_OPTIMIZATION_LEVEL = "-Onone";
			};
			name = Debug;
		};
		C2DBE8CF27CFB18C0065FE19 /* Release */ = {
			isa = XCBuildConfiguration;
			buildSettings = {
				ALWAYS_SEARCH_USER_PATHS = NO;
				CLANG_ANALYZER_NONNULL = YES;
				CLANG_ANALYZER_NUMBER_OBJECT_CONVERSION = YES_AGGRESSIVE;
				CLANG_CXX_LANGUAGE_STANDARD = "gnu++17";
				CLANG_CXX_LIBRARY = "libc++";
				CLANG_ENABLE_MODULES = YES;
				CLANG_ENABLE_OBJC_ARC = YES;
				CLANG_ENABLE_OBJC_WEAK = YES;
				CLANG_WARN_BLOCK_CAPTURE_AUTORELEASING = YES;
				CLANG_WARN_BOOL_CONVERSION = YES;
				CLANG_WARN_COMMA = YES;
				CLANG_WARN_CONSTANT_CONVERSION = YES;
				CLANG_WARN_DEPRECATED_OBJC_IMPLEMENTATIONS = YES;
				CLANG_WARN_DIRECT_OBJC_ISA_USAGE = YES_ERROR;
				CLANG_WARN_DOCUMENTATION_COMMENTS = YES;
				CLANG_WARN_EMPTY_BODY = YES;
				CLANG_WARN_ENUM_CONVERSION = YES;
				CLANG_WARN_INFINITE_RECURSION = YES;
				CLANG_WARN_INT_CONVERSION = YES;
				CLANG_WARN_NON_LITERAL_NULL_CONVERSION = YES;
				CLANG_WARN_OBJC_IMPLICIT_RETAIN_SELF = YES;
				CLANG_WARN_OBJC_LITERAL_CONVERSION = YES;
				CLANG_WARN_OBJC_ROOT_CLASS = YES_ERROR;
				CLANG_WARN_QUOTED_INCLUDE_IN_FRAMEWORK_HEADER = YES;
				CLANG_WARN_RANGE_LOOP_ANALYSIS = YES;
				CLANG_WARN_STRICT_PROTOTYPES = YES;
				CLANG_WARN_SUSPICIOUS_MOVE = YES;
				CLANG_WARN_UNGUARDED_AVAILABILITY = YES_AGGRESSIVE;
				CLANG_WARN_UNREACHABLE_CODE = YES;
				CLANG_WARN__DUPLICATE_METHOD_MATCH = YES;
				COPY_PHASE_STRIP = NO;
				DEBUG_INFORMATION_FORMAT = "dwarf-with-dsym";
				ENABLE_NS_ASSERTIONS = NO;
				ENABLE_STRICT_OBJC_MSGSEND = YES;
				GCC_C_LANGUAGE_STANDARD = gnu11;
				GCC_NO_COMMON_BLOCKS = YES;
				GCC_WARN_64_TO_32_BIT_CONVERSION = YES;
				GCC_WARN_ABOUT_RETURN_TYPE = YES_ERROR;
				GCC_WARN_UNDECLARED_SELECTOR = YES;
				GCC_WARN_UNINITIALIZED_AUTOS = YES_AGGRESSIVE;
				GCC_WARN_UNUSED_FUNCTION = YES;
				GCC_WARN_UNUSED_VARIABLE = YES;
				IPHONEOS_DEPLOYMENT_TARGET = 15.0;
				MTL_ENABLE_DEBUG_INFO = NO;
				MTL_FAST_MATH = YES;
				SDKROOT = iphoneos;
				SWIFT_COMPILATION_MODE = wholemodule;
				SWIFT_OPTIMIZATION_LEVEL = "-O";
				VALIDATE_PRODUCT = YES;
			};
			name = Release;
		};
		C2DBE8D127CFB18C0065FE19 /* Debug */ = {
			isa = XCBuildConfiguration;
			buildSettings = {
				ASSETCATALOG_COMPILER_APPICON_NAME = AppIcon;
				ASSETCATALOG_COMPILER_GLOBAL_ACCENT_COLOR_NAME = AccentColor;
				BASE_URL = "https://pokeapi.co/api/v2/";
				CODE_SIGN_STYLE = Automatic;
				CURRENT_PROJECT_VERSION = 1;
				DEVELOPMENT_TEAM = CHMY4D29LD;
				GENERATE_INFOPLIST_FILE = YES;
				INFOPLIST_FILE = Pokedex/Info.plist;
				INFOPLIST_KEY_UIApplicationSupportsIndirectInputEvents = YES;
				INFOPLIST_KEY_UILaunchStoryboardName = LaunchScreen;
				INFOPLIST_KEY_UIMainStoryboardFile = Main;
				INFOPLIST_KEY_UISupportedInterfaceOrientations_iPad = "UIInterfaceOrientationPortrait UIInterfaceOrientationPortraitUpsideDown UIInterfaceOrientationLandscapeLeft UIInterfaceOrientationLandscapeRight";
				INFOPLIST_KEY_UISupportedInterfaceOrientations_iPhone = "UIInterfaceOrientationPortrait UIInterfaceOrientationLandscapeLeft UIInterfaceOrientationLandscapeRight";
				LD_RUNPATH_SEARCH_PATHS = (
					"$(inherited)",
					"@executable_path/Frameworks",
				);
				MARKETING_VERSION = 1.0;
				PRODUCT_BUNDLE_IDENTIFIER = com.jonathasfrango.Pokedex;
				PRODUCT_NAME = "$(TARGET_NAME)";
				SWIFT_EMIT_LOC_STRINGS = YES;
				SWIFT_VERSION = 5.0;
				TARGETED_DEVICE_FAMILY = "1,2";
			};
			name = Debug;
		};
		C2DBE8D227CFB18C0065FE19 /* Release */ = {
			isa = XCBuildConfiguration;
			buildSettings = {
				ASSETCATALOG_COMPILER_APPICON_NAME = AppIcon;
				ASSETCATALOG_COMPILER_GLOBAL_ACCENT_COLOR_NAME = AccentColor;
				BASE_URL = "https://pokeapi.co/api/v2/";
				CODE_SIGN_STYLE = Automatic;
				CURRENT_PROJECT_VERSION = 1;
				DEVELOPMENT_TEAM = CHMY4D29LD;
				GENERATE_INFOPLIST_FILE = YES;
				INFOPLIST_FILE = Pokedex/Info.plist;
				INFOPLIST_KEY_UIApplicationSupportsIndirectInputEvents = YES;
				INFOPLIST_KEY_UILaunchStoryboardName = LaunchScreen;
				INFOPLIST_KEY_UIMainStoryboardFile = Main;
				INFOPLIST_KEY_UISupportedInterfaceOrientations_iPad = "UIInterfaceOrientationPortrait UIInterfaceOrientationPortraitUpsideDown UIInterfaceOrientationLandscapeLeft UIInterfaceOrientationLandscapeRight";
				INFOPLIST_KEY_UISupportedInterfaceOrientations_iPhone = "UIInterfaceOrientationPortrait UIInterfaceOrientationLandscapeLeft UIInterfaceOrientationLandscapeRight";
				LD_RUNPATH_SEARCH_PATHS = (
					"$(inherited)",
					"@executable_path/Frameworks",
				);
				MARKETING_VERSION = 1.0;
				PRODUCT_BUNDLE_IDENTIFIER = com.jonathasfrango.Pokedex;
				PRODUCT_NAME = "$(TARGET_NAME)";
				SWIFT_EMIT_LOC_STRINGS = YES;
				SWIFT_VERSION = 5.0;
				TARGETED_DEVICE_FAMILY = "1,2";
			};
			name = Release;
		};
		C2DBE8D427CFB18C0065FE19 /* Debug */ = {
			isa = XCBuildConfiguration;
			buildSettings = {
				ALWAYS_EMBED_SWIFT_STANDARD_LIBRARIES = YES;
				BUNDLE_LOADER = "$(TEST_HOST)";
				CODE_SIGN_STYLE = Automatic;
				CURRENT_PROJECT_VERSION = 1;
				DEVELOPMENT_TEAM = CHMY4D29LD;
				GENERATE_INFOPLIST_FILE = YES;
				IPHONEOS_DEPLOYMENT_TARGET = 15.0;
				LD_RUNPATH_SEARCH_PATHS = (
					"$(inherited)",
					"@executable_path/Frameworks",
					"@loader_path/Frameworks",
				);
				MARKETING_VERSION = 1.0;
				PRODUCT_BUNDLE_IDENTIFIER = com.jonathasfrango.PokedexTests;
				PRODUCT_NAME = "$(TARGET_NAME)";
				SWIFT_EMIT_LOC_STRINGS = NO;
				SWIFT_VERSION = 5.0;
				TARGETED_DEVICE_FAMILY = "1,2";
				TEST_HOST = "$(BUILT_PRODUCTS_DIR)/Pokedex.app/Pokedex";
			};
			name = Debug;
		};
		C2DBE8D527CFB18C0065FE19 /* Release */ = {
			isa = XCBuildConfiguration;
			buildSettings = {
				ALWAYS_EMBED_SWIFT_STANDARD_LIBRARIES = YES;
				BUNDLE_LOADER = "$(TEST_HOST)";
				CODE_SIGN_STYLE = Automatic;
				CURRENT_PROJECT_VERSION = 1;
				DEVELOPMENT_TEAM = CHMY4D29LD;
				GENERATE_INFOPLIST_FILE = YES;
				IPHONEOS_DEPLOYMENT_TARGET = 15.0;
				LD_RUNPATH_SEARCH_PATHS = (
					"$(inherited)",
					"@executable_path/Frameworks",
					"@loader_path/Frameworks",
				);
				MARKETING_VERSION = 1.0;
				PRODUCT_BUNDLE_IDENTIFIER = com.jonathasfrango.PokedexTests;
				PRODUCT_NAME = "$(TARGET_NAME)";
				SWIFT_EMIT_LOC_STRINGS = NO;
				SWIFT_VERSION = 5.0;
				TARGETED_DEVICE_FAMILY = "1,2";
				TEST_HOST = "$(BUILT_PRODUCTS_DIR)/Pokedex.app/Pokedex";
			};
			name = Release;
		};
		C2DBE8D727CFB18C0065FE19 /* Debug */ = {
			isa = XCBuildConfiguration;
			buildSettings = {
				ALWAYS_EMBED_SWIFT_STANDARD_LIBRARIES = YES;
				CODE_SIGN_STYLE = Automatic;
				CURRENT_PROJECT_VERSION = 1;
				DEVELOPMENT_TEAM = CHMY4D29LD;
				GENERATE_INFOPLIST_FILE = YES;
				LD_RUNPATH_SEARCH_PATHS = (
					"$(inherited)",
					"@executable_path/Frameworks",
					"@loader_path/Frameworks",
				);
				MARKETING_VERSION = 1.0;
				PRODUCT_BUNDLE_IDENTIFIER = com.jonathasfrango.PokedexUITests;
				PRODUCT_NAME = "$(TARGET_NAME)";
				SWIFT_EMIT_LOC_STRINGS = NO;
				SWIFT_VERSION = 5.0;
				TARGETED_DEVICE_FAMILY = "1,2";
				TEST_TARGET_NAME = Pokedex;
			};
			name = Debug;
		};
		C2DBE8D827CFB18C0065FE19 /* Release */ = {
			isa = XCBuildConfiguration;
			buildSettings = {
				ALWAYS_EMBED_SWIFT_STANDARD_LIBRARIES = YES;
				CODE_SIGN_STYLE = Automatic;
				CURRENT_PROJECT_VERSION = 1;
				DEVELOPMENT_TEAM = CHMY4D29LD;
				GENERATE_INFOPLIST_FILE = YES;
				LD_RUNPATH_SEARCH_PATHS = (
					"$(inherited)",
					"@executable_path/Frameworks",
					"@loader_path/Frameworks",
				);
				MARKETING_VERSION = 1.0;
				PRODUCT_BUNDLE_IDENTIFIER = com.jonathasfrango.PokedexUITests;
				PRODUCT_NAME = "$(TARGET_NAME)";
				SWIFT_EMIT_LOC_STRINGS = NO;
				SWIFT_VERSION = 5.0;
				TARGETED_DEVICE_FAMILY = "1,2";
				TEST_TARGET_NAME = Pokedex;
			};
			name = Release;
		};
/* End XCBuildConfiguration section */

/* Begin XCConfigurationList section */
		C2DBE8A127CFB1750065FE19 /* Build configuration list for PBXProject "Pokedex" */ = {
			isa = XCConfigurationList;
			buildConfigurations = (
				C2DBE8CE27CFB18C0065FE19 /* Debug */,
				C2DBE8CF27CFB18C0065FE19 /* Release */,
			);
			defaultConfigurationIsVisible = 0;
			defaultConfigurationName = Release;
		};
		C2DBE8D027CFB18C0065FE19 /* Build configuration list for PBXNativeTarget "Pokedex" */ = {
			isa = XCConfigurationList;
			buildConfigurations = (
				C2DBE8D127CFB18C0065FE19 /* Debug */,
				C2DBE8D227CFB18C0065FE19 /* Release */,
			);
			defaultConfigurationIsVisible = 0;
			defaultConfigurationName = Release;
		};
		C2DBE8D327CFB18C0065FE19 /* Build configuration list for PBXNativeTarget "PokedexTests" */ = {
			isa = XCConfigurationList;
			buildConfigurations = (
				C2DBE8D427CFB18C0065FE19 /* Debug */,
				C2DBE8D527CFB18C0065FE19 /* Release */,
			);
			defaultConfigurationIsVisible = 0;
			defaultConfigurationName = Release;
		};
		C2DBE8D627CFB18C0065FE19 /* Build configuration list for PBXNativeTarget "PokedexUITests" */ = {
			isa = XCConfigurationList;
			buildConfigurations = (
				C2DBE8D727CFB18C0065FE19 /* Debug */,
				C2DBE8D827CFB18C0065FE19 /* Release */,
			);
			defaultConfigurationIsVisible = 0;
			defaultConfigurationName = Release;
		};
/* End XCConfigurationList section */

/* Begin XCRemoteSwiftPackageReference section */
		C27CA40F280708B10027EA7C /* XCRemoteSwiftPackageReference "RxSwift" */ = {
			isa = XCRemoteSwiftPackageReference;
			repositoryURL = "https://github.com/ReactiveX/RxSwift.git";
			requirement = {
				kind = upToNextMajorVersion;
				minimumVersion = 6.5.0;
			};
		};
		C2DBE8D927CFB2770065FE19 /* XCRemoteSwiftPackageReference "Moya" */ = {
			isa = XCRemoteSwiftPackageReference;
			repositoryURL = "https://github.com/Moya/Moya.git";
			requirement = {
				branch = master;
				kind = branch;
			};
		};
		C2DBE8DE27CFB2C10065FE19 /* XCRemoteSwiftPackageReference "SnapKit" */ = {
			isa = XCRemoteSwiftPackageReference;
			repositoryURL = "https://github.com/SnapKit/SnapKit";
			requirement = {
				branch = develop;
				kind = branch;
			};
		};
/* End XCRemoteSwiftPackageReference section */

/* Begin XCSwiftPackageProductDependency section */
		C27CA410280708B10027EA7C /* RxCocoa */ = {
			isa = XCSwiftPackageProductDependency;
			package = C27CA40F280708B10027EA7C /* XCRemoteSwiftPackageReference "RxSwift" */;
			productName = RxCocoa;
		};
		C27CA412280708B10027EA7C /* RxSwift */ = {
			isa = XCSwiftPackageProductDependency;
			package = C27CA40F280708B10027EA7C /* XCRemoteSwiftPackageReference "RxSwift" */;
			productName = RxSwift;
		};
		C2DBE8DA27CFB2770065FE19 /* Moya */ = {
			isa = XCSwiftPackageProductDependency;
			package = C2DBE8D927CFB2770065FE19 /* XCRemoteSwiftPackageReference "Moya" */;
			productName = Moya;
		};
		C2DBE8DC27CFB2770065FE19 /* ReactiveMoya */ = {
			isa = XCSwiftPackageProductDependency;
			package = C2DBE8D927CFB2770065FE19 /* XCRemoteSwiftPackageReference "Moya" */;
			productName = ReactiveMoya;
		};
		C2DBE8DF27CFB2C10065FE19 /* SnapKit */ = {
			isa = XCSwiftPackageProductDependency;
			package = C2DBE8DE27CFB2C10065FE19 /* XCRemoteSwiftPackageReference "SnapKit" */;
			productName = SnapKit;
		};
/* End XCSwiftPackageProductDependency section */
	};
	rootObject = C2DBE89E27CFB1750065FE19 /* Project object */;
}
